
Microsoft Visual Studio Solution File, Format Version 12.00
# Visual Studio Version 16
VisualStudioVersion = 16.0.30907.101
MinimumVisualStudioVersion = 10.0.40219.1
Project("{FAE04EC0-301F-11D3-BF4B-00C04F79EFBC}") = "Lexicon", "Lexicon\Lexicon.csproj", "{17080A49-57DE-4D51-B7D4-034C2A0B23A2}"
EndProject
Project("{FAE04EC0-301F-11D3-BF4B-00C04F79EFBC}") = "Lexicon.Tests", "Lexicon.Tests\Lexicon.Tests.csproj", "{1E83A217-2087-4F22-86AE-7E6FE9CD6D60}"
EndProject
Global
	GlobalSection(SolutionConfigurationPlatforms) = preSolution
		Debug|Any CPU = Debug|Any CPU
		Release|Any CPU = Release|Any CPU
	EndGlobalSection
	GlobalSection(ProjectConfigurationPlatforms) = postSolution
		{17080A49-57DE-4D51-B7D4-034C2A0B23A2}.Debug|Any CPU.ActiveCfg = Debug|Any CPU
		{17080A49-57DE-4D51-B7D4-034C2A0B23A2}.Debug|Any CPU.Build.0 = Debug|Any CPU
		{17080A49-57DE-4D51-B7D4-034C2A0B23A2}.Release|Any CPU.ActiveCfg = Release|Any CPU
		{17080A49-57DE-4D51-B7D4-034C2A0B23A2}.Release|Any CPU.Build.0 = Release|Any CPU
		{1E83A217-2087-4F22-86AE-7E6FE9CD6D60}.Debug|Any CPU.ActiveCfg = Debug|Any CPU
		{1E83A217-2087-4F22-86AE-7E6FE9CD6D60}.Debug|Any CPU.Build.0 = Debug|Any CPU
		{1E83A217-2087-4F22-86AE-7E6FE9CD6D60}.Release|Any CPU.ActiveCfg = Release|Any CPU
		{1E83A217-2087-4F22-86AE-7E6FE9CD6D60}.Release|Any CPU.Build.0 = Release|Any CPU
	EndGlobalSection
	GlobalSection(SolutionProperties) = preSolution
		HideSolutionNode = FALSE
	EndGlobalSection
	GlobalSection(ExtensibilityGlobals) = postSolution
		SolutionGuid = {84DA778D-6E20-4C6C-890A-8235D9CECEAC}
	EndGlobalSection
EndGlobal
